
Microsoft Visual Studio Solution File, Format Version 12.00
# Visual Studio Version 16
VisualStudioVersion = 16.0.35325.158
MinimumVisualStudioVersion = 10.0.40219.1
Project("{FAE04EC0-301F-11D3-BF4B-00C04F79EFBC}") = "Hangfire_Example", "Hangfire_Example.csproj", "{C4396481-55F3-4602-8EAF-842A2C81391D}"
EndProject
Global
	GlobalSection(SolutionConfigurationPlatforms) = preSolution
		Debug|Any CPU = Debug|Any CPU
		Release|Any CPU = Release|Any CPU
	EndGlobalSection
	GlobalSection(ProjectConfigurationPlatforms) = postSolution
		{C4396481-55F3-4602-8EAF-842A2C81391D}.Debug|Any CPU.ActiveCfg = Debug|Any CPU
		{C4396481-55F3-4602-8EAF-842A2C81391D}.Debug|Any CPU.Build.0 = Debug|Any CPU
		{C4396481-55F3-4602-8EAF-842A2C81391D}.Release|Any CPU.ActiveCfg = Release|Any CPU
		{C4396481-55F3-4602-8EAF-842A2C81391D}.Release|Any CPU.Build.0 = Release|Any CPU
	EndGlobalSection
	GlobalSection(SolutionProperties) = preSolution
		HideSolutionNode = FALSE
	EndGlobalSection
	GlobalSection(ExtensibilityGlobals) = postSolution
		SolutionGuid = {C6775E79-3688-4ECE-B9E1-6530182C3801}
	EndGlobalSection
EndGlobal
